// !$*UTF8*$!
{
	archiveVersion = 1;
	classes = {
	};
	objectVersion = 50;
	objects = {

/* Begin PBXBuildFile section */
		BF3133D7233E875C00C29228 /* AppDelegate.swift in Sources */ = {isa = PBXBuildFile; fileRef = BF3133D6233E875C00C29228 /* AppDelegate.swift */; };
		BF3133D9233E875C00C29228 /* SceneDelegate.swift in Sources */ = {isa = PBXBuildFile; fileRef = BF3133D8233E875C00C29228 /* SceneDelegate.swift */; };
		BF3133DE233E875C00C29228 /* Main.storyboard in Resources */ = {isa = PBXBuildFile; fileRef = BF3133DC233E875C00C29228 /* Main.storyboard */; };
		BF3133E0233E875D00C29228 /* Assets.xcassets in Resources */ = {isa = PBXBuildFile; fileRef = BF3133DF233E875D00C29228 /* Assets.xcassets */; };
		BF3133E3233E875D00C29228 /* LaunchScreen.storyboard in Resources */ = {isa = PBXBuildFile; fileRef = BF3133E1233E875D00C29228 /* LaunchScreen.storyboard */; };
		BF3133EC233E87ED00C29228 /* EmojiArtViewController.swift in Sources */ = {isa = PBXBuildFile; fileRef = BF3133EB233E87ED00C29228 /* EmojiArtViewController.swift */; };
		BF3133EE233E886600C29228 /* EmojiArtView.swift in Sources */ = {isa = PBXBuildFile; fileRef = BF3133ED233E886600C29228 /* EmojiArtView.swift */; };
		BF3133F0233EC40900C29228 /* Utilities.swift in Sources */ = {isa = PBXBuildFile; fileRef = BF3133EF233EC40900C29228 /* Utilities.swift */; };
		BF3133F2233FCA8200C29228 /* EmojiArtDocumentTableViewController.swift in Sources */ = {isa = PBXBuildFile; fileRef = BF3133F1233FCA8200C29228 /* EmojiArtDocumentTableViewController.swift */; };
		BF3133F423410E4A00C29228 /* EmojiCollectionViewCell.swift in Sources */ = {isa = PBXBuildFile; fileRef = BF3133F323410E4A00C29228 /* EmojiCollectionViewCell.swift */; };
		BF3133F623412ACC00C29228 /* EmojiArtView+Gestures.swift in Sources */ = {isa = PBXBuildFile; fileRef = BF3133F523412ACC00C29228 /* EmojiArtView+Gestures.swift */; };
/* End PBXBuildFile section */

/* Begin PBXFileReference section */
		BF3133D3233E875C00C29228 /* EmojiArt.app */ = {isa = PBXFileReference; explicitFileType = wrapper.application; includeInIndex = 0; path = EmojiArt.app; sourceTree = BUILT_PRODUCTS_DIR; };
		BF3133D6233E875C00C29228 /* AppDelegate.swift */ = {isa = PBXFileReference; lastKnownFileType = sourcecode.swift; path = AppDelegate.swift; sourceTree = "<group>"; };
		BF3133D8233E875C00C29228 /* SceneDelegate.swift */ = {isa = PBXFileReference; lastKnownFileType = sourcecode.swift; path = SceneDelegate.swift; sourceTree = "<group>"; };
		BF3133DD233E875C00C29228 /* Base */ = {isa = PBXFileReference; lastKnownFileType = file.storyboard; name = Base; path = Base.lproj/Main.storyboard; sourceTree = "<group>"; };
		BF3133DF233E875D00C29228 /* Assets.xcassets */ = {isa = PBXFileReference; lastKnownFileType = folder.assetcatalog; path = Assets.xcassets; sourceTree = "<group>"; };
		BF3133E2233E875D00C29228 /* Base */ = {isa = PBXFileReference; lastKnownFileType = file.storyboard; name = Base; path = Base.lproj/LaunchScreen.storyboard; sourceTree = "<group>"; };
		BF3133E4233E875D00C29228 /* Info.plist */ = {isa = PBXFileReference; lastKnownFileType = text.plist.xml; path = Info.plist; sourceTree = "<group>"; };
		BF3133EB233E87ED00C29228 /* EmojiArtViewController.swift */ = {isa = PBXFileReference; lastKnownFileType = sourcecode.swift; path = EmojiArtViewController.swift; sourceTree = "<group>"; };
		BF3133ED233E886600C29228 /* EmojiArtView.swift */ = {isa = PBXFileReference; lastKnownFileType = sourcecode.swift; path = EmojiArtView.swift; sourceTree = "<group>"; };
		BF3133EF233EC40900C29228 /* Utilities.swift */ = {isa = PBXFileReference; lastKnownFileType = sourcecode.swift; path = Utilities.swift; sourceTree = "<group>"; };
		BF3133F1233FCA8200C29228 /* EmojiArtDocumentTableViewController.swift */ = {isa = PBXFileReference; lastKnownFileType = sourcecode.swift; path = EmojiArtDocumentTableViewController.swift; sourceTree = "<group>"; };
		BF3133F323410E4A00C29228 /* EmojiCollectionViewCell.swift */ = {isa = PBXFileReference; lastKnownFileType = sourcecode.swift; path = EmojiCollectionViewCell.swift; sourceTree = "<group>"; };
		BF3133F523412ACC00C29228 /* EmojiArtView+Gestures.swift */ = {isa = PBXFileReference; lastKnownFileType = sourcecode.swift; path = "EmojiArtView+Gestures.swift"; sourceTree = "<group>"; };
/* End PBXFileReference section */

/* Begin PBXFrameworksBuildPhase section */
		BF3133D0233E875C00C29228 /* Frameworks */ = {
			isa = PBXFrameworksBuildPhase;
			buildActionMask = 2147483647;
			files = (
			);
			runOnlyForDeploymentPostprocessing = 0;
		};
/* End PBXFrameworksBuildPhase section */

/* Begin PBXGroup section */
		BF3133CA233E875C00C29228 = {
			isa = PBXGroup;
			children = (
				BF3133D5233E875C00C29228 /* EmojiArt */,
				BF3133D4233E875C00C29228 /* Products */,
			);
			sourceTree = "<group>";
		};
		BF3133D4233E875C00C29228 /* Products */ = {
			isa = PBXGroup;
			children = (
				BF3133D3233E875C00C29228 /* EmojiArt.app */,
			);
			name = Products;
			sourceTree = "<group>";
		};
		BF3133D5233E875C00C29228 /* EmojiArt */ = {
			isa = PBXGroup;
			children = (
				BF3133D8233E875C00C29228 /* SceneDelegate.swift */,
				BF3133DC233E875C00C29228 /* Main.storyboard */,
				BF3133F1233FCA8200C29228 /* EmojiArtDocumentTableViewController.swift */,
				BF3133ED233E886600C29228 /* EmojiArtView.swift */,
				BF3133EB233E87ED00C29228 /* EmojiArtViewController.swift */,
				BF3133F323410E4A00C29228 /* EmojiCollectionViewCell.swift */,
				BF3133EF233EC40900C29228 /* Utilities.swift */,
				BF3133EA233E878700C29228 /* Supporting Files */,
				BF3133E4233E875D00C29228 /* Info.plist */,
				BF3133F523412ACC00C29228 /* EmojiArtView+Gestures.swift */,
			);
			path = EmojiArt;
			sourceTree = "<group>";
		};
		BF3133EA233E878700C29228 /* Supporting Files */ = {
			isa = PBXGroup;
			children = (
				BF3133D6233E875C00C29228 /* AppDelegate.swift */,
				BF3133DF233E875D00C29228 /* Assets.xcassets */,
				BF3133E1233E875D00C29228 /* LaunchScreen.storyboard */,
			);
			path = "Supporting Files";
			sourceTree = "<group>";
		};
/* End PBXGroup section */

/* Begin PBXNativeTarget section */
		BF3133D2233E875C00C29228 /* EmojiArt */ = {
			isa = PBXNativeTarget;
			buildConfigurationList = BF3133E7233E875D00C29228 /* Build configuration list for PBXNativeTarget "EmojiArt" */;
			buildPhases = (
				BF3133CF233E875C00C29228 /* Sources */,
				BF3133D0233E875C00C29228 /* Frameworks */,
				BF3133D1233E875C00C29228 /* Resources */,
			);
			buildRules = (
			);
			dependencies = (
			);
			name = EmojiArt;
			productName = EmojiArt;
			productReference = BF3133D3233E875C00C29228 /* EmojiArt.app */;
			productType = "com.apple.product-type.application";
		};
/* End PBXNativeTarget section */

/* Begin PBXProject section */
		BF3133CB233E875C00C29228 /* Project object */ = {
			isa = PBXProject;
			attributes = {
				LastSwiftUpdateCheck = 1100;
				LastUpgradeCheck = 1100;
				ORGANIZATIONNAME = "Maahd Shahzad";
				TargetAttributes = {
					BF3133D2233E875C00C29228 = {
						CreatedOnToolsVersion = 11.0;
					};
				};
			};
			buildConfigurationList = BF3133CE233E875C00C29228 /* Build configuration list for PBXProject "EmojiArt" */;
			compatibilityVersion = "Xcode 9.3";
			developmentRegion = en;
			hasScannedForEncodings = 0;
			knownRegions = (
				en,
				Base,
			);
			mainGroup = BF3133CA233E875C00C29228;
			productRefGroup = BF3133D4233E875C00C29228 /* Products */;
			projectDirPath = "";
			projectRoot = "";
			targets = (
				BF3133D2233E875C00C29228 /* EmojiArt */,
			);
		};
/* End PBXProject section */

/* Begin PBXResourcesBuildPhase section */
		BF3133D1233E875C00C29228 /* Resources */ = {
			isa = PBXResourcesBuildPhase;
			buildActionMask = 2147483647;
			files = (
				BF3133E3233E875D00C29228 /* LaunchScreen.storyboard in Resources */,
				BF3133E0233E875D00C29228 /* Assets.xcassets in Resources */,
				BF3133DE233E875C00C29228 /* Main.storyboard in Resources */,
			);
			runOnlyForDeploymentPostprocessing = 0;
		};
/* End PBXResourcesBuildPhase section */

/* Begin PBXSourcesBuildPhase section */
		BF3133CF233E875C00C29228 /* Sources */ = {
			isa = PBXSourcesBuildPhase;
			buildActionMask = 2147483647;
			files = (
				BF3133F423410E4A00C29228 /* EmojiCollectionViewCell.swift in Sources */,
				BF3133F623412ACC00C29228 /* EmojiArtView+Gestures.swift in Sources */,
				BF3133D7233E875C00C29228 /* AppDelegate.swift in Sources */,
				BF3133F2233FCA8200C29228 /* EmojiArtDocumentTableViewController.swift in Sources */,
				BF3133EC233E87ED00C29228 /* EmojiArtViewController.swift in Sources */,
				BF3133D9233E875C00C29228 /* SceneDelegate.swift in Sources */,
				BF3133F0233EC40900C29228 /* Utilities.swift in Sources */,
				BF3133EE233E886600C29228 /* EmojiArtView.swift in Sources */,
			);
			runOnlyForDeploymentPostprocessing = 0;
		};
/* End PBXSourcesBuildPhase section */

/* Begin PBXVariantGroup section */
		BF3133DC233E875C00C29228 /* Main.storyboard */ = {
			isa = PBXVariantGroup;
			children = (
				BF3133DD233E875C00C29228 /* Base */,
			);
			name = Main.storyboard;
			sourceTree = "<group>";
		};
		BF3133E1233E875D00C29228 /* LaunchScreen.storyboard */ = {
			isa = PBXVariantGroup;
			children = (
				BF3133E2233E875D00C29228 /* Base */,
			);
			name = LaunchScreen.storyboard;
			sourceTree = "<group>";
		};
/* End PBXVariantGroup section */

/* Begin XCBuildConfiguration section */
		BF3133E5233E875D00C29228 /* Debug */ = {
			isa = XCBuildConfiguration;
			buildSettings = {
				ALWAYS_SEARCH_USER_PATHS = NO;
				CLANG_ANALYZER_NONNULL = YES;
				CLANG_ANALYZER_NUMBER_OBJECT_CONVERSION = YES_AGGRESSIVE;
				CLANG_CXX_LANGUAGE_STANDARD = "gnu++14";
				CLANG_CXX_LIBRARY = "libc++";
				CLANG_ENABLE_MODULES = YES;
				CLANG_ENABLE_OBJC_ARC = YES;
				CLANG_ENABLE_OBJC_WEAK = YES;
				CLANG_WARN_BLOCK_CAPTURE_AUTORELEASING = YES;
				CLANG_WARN_BOOL_CONVERSION = YES;
				CLANG_WARN_COMMA = YES;
				CLANG_WARN_CONSTANT_CONVERSION = YES;
				CLANG_WARN_DEPRECATED_OBJC_IMPLEMENTATIONS = YES;
				CLANG_WARN_DIRECT_OBJC_ISA_USAGE = YES_ERROR;
				CLANG_WARN_DOCUMENTATION_COMMENTS = YES;
				CLANG_WARN_EMPTY_BODY = YES;
				CLANG_WARN_ENUM_CONVERSION = YES;
				CLANG_WARN_INFINITE_RECURSION = YES;
				CLANG_WARN_INT_CONVERSION = YES;
				CLANG_WARN_NON_LITERAL_NULL_CONVERSION = YES;
				CLANG_WARN_OBJC_IMPLICIT_RETAIN_SELF = YES;
				CLANG_WARN_OBJC_LITERAL_CONVERSION = YES;
				CLANG_WARN_OBJC_ROOT_CLASS = YES_ERROR;
				CLANG_WARN_RANGE_LOOP_ANALYSIS = YES;
				CLANG_WARN_STRICT_PROTOTYPES = YES;
				CLANG_WARN_SUSPICIOUS_MOVE = YES;
				CLANG_WARN_UNGUARDED_AVAILABILITY = YES_AGGRESSIVE;
				CLANG_WARN_UNREACHABLE_CODE = YES;
				CLANG_WARN__DUPLICATE_METHOD_MATCH = YES;
				COPY_PHASE_STRIP = NO;
				DEBUG_INFORMATION_FORMAT = dwarf;
				ENABLE_STRICT_OBJC_MSGSEND = YES;
				ENABLE_TESTABILITY = YES;
				GCC_C_LANGUAGE_STANDARD = gnu11;
				GCC_DYNAMIC_NO_PIC = NO;
				GCC_NO_COMMON_BLOCKS = YES;
				GCC_OPTIMIZATION_LEVEL = 0;
				GCC_PREPROCESSOR_DEFINITIONS = (
					"DEBUG=1",
					"$(inherited)",
				);
				GCC_WARN_64_TO_32_BIT_CONVERSION = YES;
				GCC_WARN_ABOUT_RETURN_TYPE = YES_ERROR;
				GCC_WARN_UNDECLARED_SELECTOR = YES;
				GCC_WARN_UNINITIALIZED_AUTOS = YES_AGGRESSIVE;
				GCC_WARN_UNUSED_FUNCTION = YES;
				GCC_WARN_UNUSED_VARIABLE = YES;
				IPHONEOS_DEPLOYMENT_TARGET = 13.0;
				MTL_ENABLE_DEBUG_INFO = INCLUDE_SOURCE;
				MTL_FAST_MATH = YES;
				ONLY_ACTIVE_ARCH = YES;
				SDKROOT = iphoneos;
				SWIFT_ACTIVE_COMPILATION_CONDITIONS = DEBUG;
				SWIFT_OPTIMIZATION_LEVEL = "-Onone";
			};
			name = Debug;
		};
		BF3133E6233E875D00C29228 /* Release */ = {
			isa = XCBuildConfiguration;
			buildSettings = {
				ALWAYS_SEARCH_USER_PATHS = NO;
				CLANG_ANALYZER_NONNULL = YES;
				CLANG_ANALYZER_NUMBER_OBJECT_CONVERSION = YES_AGGRESSIVE;
				CLANG_CXX_LANGUAGE_STANDARD = "gnu++14";
				CLANG_CXX_LIBRARY = "libc++";
				CLANG_ENABLE_MODULES = YES;
				CLANG_ENABLE_OBJC_ARC = YES;
				CLANG_ENABLE_OBJC_WEAK = YES;
				CLANG_WARN_BLOCK_CAPTURE_AUTORELEASING = YES;
				CLANG_WARN_BOOL_CONVERSION = YES;
				CLANG_WARN_COMMA = YES;
				CLANG_WARN_CONSTANT_CONVERSION = YES;
				CLANG_WARN_DEPRECATED_OBJC_IMPLEMENTATIONS = YES;
				CLANG_WARN_DIRECT_OBJC_ISA_USAGE = YES_ERROR;
				CLANG_WARN_DOCUMENTATION_COMMENTS = YES;
				CLANG_WARN_EMPTY_BODY = YES;
				CLANG_WARN_ENUM_CONVERSION = YES;
				CLANG_WARN_INFINITE_RECURSION = YES;
				CLANG_WARN_INT_CONVERSION = YES;
				CLANG_WARN_NON_LITERAL_NULL_CONVERSION = YES;
				CLANG_WARN_OBJC_IMPLICIT_RETAIN_SELF = YES;
				CLANG_WARN_OBJC_LITERAL_CONVERSION = YES;
				CLANG_WARN_OBJC_ROOT_CLASS = YES_ERROR;
				CLANG_WARN_RANGE_LOOP_ANALYSIS = YES;
				CLANG_WARN_STRICT_PROTOTYPES = YES;
				CLANG_WARN_SUSPICIOUS_MOVE = YES;
				CLANG_WARN_UNGUARDED_AVAILABILITY = YES_AGGRESSIVE;
				CLANG_WARN_UNREACHABLE_CODE = YES;
				CLANG_WARN__DUPLICATE_METHOD_MATCH = YES;
				COPY_PHASE_STRIP = NO;
				DEBUG_INFORMATION_FORMAT = "dwarf-with-dsym";
				ENABLE_NS_ASSERTIONS = NO;
				ENABLE_STRICT_OBJC_MSGSEND = YES;
				GCC_C_LANGUAGE_STANDARD = gnu11;
				GCC_NO_COMMON_BLOCKS = YES;
				GCC_WARN_64_TO_32_BIT_CONVERSION = YES;
				GCC_WARN_ABOUT_RETURN_TYPE = YES_ERROR;
				GCC_WARN_UNDECLARED_SELECTOR = YES;
				GCC_WARN_UNINITIALIZED_AUTOS = YES_AGGRESSIVE;
				GCC_WARN_UNUSED_FUNCTION = YES;
				GCC_WARN_UNUSED_VARIABLE = YES;
				IPHONEOS_DEPLOYMENT_TARGET = 13.0;
				MTL_ENABLE_DEBUG_INFO = NO;
				MTL_FAST_MATH = YES;
				SDKROOT = iphoneos;
				SWIFT_COMPILATION_MODE = wholemodule;
				SWIFT_OPTIMIZATION_LEVEL = "-O";
				VALIDATE_PRODUCT = YES;
			};
			name = Release;
		};
		BF3133E8233E875D00C29228 /* Debug */ = {
			isa = XCBuildConfiguration;
			buildSettings = {
				ASSETCATALOG_COMPILER_APPICON_NAME = AppIcon;
				CODE_SIGN_STYLE = Automatic;
				DEVELOPMENT_TEAM = K77A2S8MMP;
				INFOPLIST_FILE = EmojiArt/Info.plist;
				LD_RUNPATH_SEARCH_PATHS = (
					"$(inherited)",
					"@executable_path/Frameworks",
				);
				PRODUCT_BUNDLE_IDENTIFIER = com.maahd.EmojiArt;
				PRODUCT_NAME = "$(TARGET_NAME)";
				SWIFT_VERSION = 5.0;
				TARGETED_DEVICE_FAMILY = "1,2";
			};
			name = Debug;
		};
		BF3133E9233E875D00C29228 /* Release */ = {
			isa = XCBuildConfiguration;
			buildSettings = {
				ASSETCATALOG_COMPILER_APPICON_NAME = AppIcon;
				CODE_SIGN_STYLE = Automatic;
				DEVELOPMENT_TEAM = K77A2S8MMP;
				INFOPLIST_FILE = EmojiArt/Info.plist;
				LD_RUNPATH_SEARCH_PATHS = (
					"$(inherited)",
					"@executable_path/Frameworks",
				);
				PRODUCT_BUNDLE_IDENTIFIER = com.maahd.EmojiArt;
				PRODUCT_NAME = "$(TARGET_NAME)";
				SWIFT_VERSION = 5.0;
				TARGETED_DEVICE_FAMILY = "1,2";
			};
			name = Release;
		};
/* End XCBuildConfiguration section */

/* Begin XCConfigurationList section */
		BF3133CE233E875C00C29228 /* Build configuration list for PBXProject "EmojiArt" */ = {
			isa = XCConfigurationList;
			buildConfigurations = (
				BF3133E5233E875D00C29228 /* Debug */,
				BF3133E6233E875D00C29228 /* Release */,
			);
			defaultConfigurationIsVisible = 0;
			defaultConfigurationName = Release;
		};
		BF3133E7233E875D00C29228 /* Build configuration list for PBXNativeTarget "EmojiArt" */ = {
			isa = XCConfigurationList;
			buildConfigurations = (
				BF3133E8233E875D00C29228 /* Debug */,
				BF3133E9233E875D00C29228 /* Release */,
			);
			defaultConfigurationIsVisible = 0;
			defaultConfigurationName = Release;
		};
/* End XCConfigurationList section */
	};
	rootObject = BF3133CB233E875C00C29228 /* Project object */;
}
